
Microsoft Visual Studio Solution File, Format Version 12.00
# Visual Studio Version 16
VisualStudioVersion = 16.0.29324.140
MinimumVisualStudioVersion = 10.0.40219.1
Project("{FAE04EC0-301F-11D3-BF4B-00C04F79EFBC}") = "WpfApp8", "WpfApp8\WpfApp8.csproj", "{D4C66272-C5F4-4B66-8689-57A7EC0194F5}"
EndProject
Global
	GlobalSection(SolutionConfigurationPlatforms) = preSolution
		Debug|Any CPU = Debug|Any CPU
		Release|Any CPU = Release|Any CPU
	EndGlobalSection
	GlobalSection(ProjectConfigurationPlatforms) = postSolution
		{D4C66272-C5F4-4B66-8689-57A7EC0194F5}.Debug|Any CPU.ActiveCfg = Debug|Any CPU
		{D4C66272-C5F4-4B66-8689-57A7EC0194F5}.Debug|Any CPU.Build.0 = Debug|Any CPU
		{D4C66272-C5F4-4B66-8689-57A7EC0194F5}.Release|Any CPU.ActiveCfg = Release|Any CPU
		{D4C66272-C5F4-4B66-8689-57A7EC0194F5}.Release|Any CPU.Build.0 = Release|Any CPU
	EndGlobalSection
	GlobalSection(SolutionProperties) = preSolution
		HideSolutionNode = FALSE
	EndGlobalSection
	GlobalSection(ExtensibilityGlobals) = postSolution
		SolutionGuid = {7FA717D5-4563-4251-A43C-AAC51ADFB8EA}
	EndGlobalSection
EndGlobal
